
Microsoft Visual Studio Solution File, Format Version 12.00
# Visual Studio Version 16
VisualStudioVersion = 16.0.30711.63
MinimumVisualStudioVersion = 10.0.40219.1
Project("{2150E333-8FDC-42A3-9474-1A3956D46DE8}") = "Tests", "Tests", "{BFD6D75D-8DF6-4F2A-946B-EAF38E092BD8}"
EndProject
Project("{9A19103F-16F7-4668-BE54-9A1E7A4F7556}") = "ContextViewApp", "ContextViewApp\ContextViewApp.csproj", "{7E3093B9-11F0-49E4-A2E8-F8B3F340F46A}"
EndProject
Project("{9A19103F-16F7-4668-BE54-9A1E7A4F7556}") = "ContextSearchContract", "ContextSearchContract\ContextSearchContract.csproj", "{DBA7C9F6-9998-4BC7-ADD2-D1770364C839}"
EndProject
Project("{9A19103F-16F7-4668-BE54-9A1E7A4F7556}") = "ContextSearchImpl", "ContextSearchImpl\ContextSearchImpl.csproj", "{B08DBCAD-1A8B-4BBF-A033-1D4D8F0937D7}"
EndProject
Project("{9A19103F-16F7-4668-BE54-9A1E7A4F7556}") = "ContextSearchImplTest", "ContextSearchImplTest\ContextSearchImplTest.csproj", "{708205EF-6777-4AB6-B8EE-C5A8B679E062}"
EndProject
Global
	GlobalSection(SolutionConfigurationPlatforms) = preSolution
		Debug|Any CPU = Debug|Any CPU
		Release|Any CPU = Release|Any CPU
	EndGlobalSection
	GlobalSection(ProjectConfigurationPlatforms) = postSolution
		{7E3093B9-11F0-49E4-A2E8-F8B3F340F46A}.Debug|Any CPU.ActiveCfg = Debug|Any CPU
		{7E3093B9-11F0-49E4-A2E8-F8B3F340F46A}.Debug|Any CPU.Build.0 = Debug|Any CPU
		{7E3093B9-11F0-49E4-A2E8-F8B3F340F46A}.Release|Any CPU.ActiveCfg = Release|Any CPU
		{7E3093B9-11F0-49E4-A2E8-F8B3F340F46A}.Release|Any CPU.Build.0 = Release|Any CPU
		{DBA7C9F6-9998-4BC7-ADD2-D1770364C839}.Debug|Any CPU.ActiveCfg = Debug|Any CPU
		{DBA7C9F6-9998-4BC7-ADD2-D1770364C839}.Debug|Any CPU.Build.0 = Debug|Any CPU
		{DBA7C9F6-9998-4BC7-ADD2-D1770364C839}.Release|Any CPU.ActiveCfg = Release|Any CPU
		{DBA7C9F6-9998-4BC7-ADD2-D1770364C839}.Release|Any CPU.Build.0 = Release|Any CPU
		{B08DBCAD-1A8B-4BBF-A033-1D4D8F0937D7}.Debug|Any CPU.ActiveCfg = Debug|Any CPU
		{B08DBCAD-1A8B-4BBF-A033-1D4D8F0937D7}.Debug|Any CPU.Build.0 = Debug|Any CPU
		{B08DBCAD-1A8B-4BBF-A033-1D4D8F0937D7}.Release|Any CPU.ActiveCfg = Release|Any CPU
		{B08DBCAD-1A8B-4BBF-A033-1D4D8F0937D7}.Release|Any CPU.Build.0 = Release|Any CPU
		{708205EF-6777-4AB6-B8EE-C5A8B679E062}.Debug|Any CPU.ActiveCfg = Debug|Any CPU
		{708205EF-6777-4AB6-B8EE-C5A8B679E062}.Debug|Any CPU.Build.0 = Debug|Any CPU
		{708205EF-6777-4AB6-B8EE-C5A8B679E062}.Release|Any CPU.ActiveCfg = Release|Any CPU
		{708205EF-6777-4AB6-B8EE-C5A8B679E062}.Release|Any CPU.Build.0 = Release|Any CPU
	EndGlobalSection
	GlobalSection(SolutionProperties) = preSolution
		HideSolutionNode = FALSE
	EndGlobalSection
	GlobalSection(NestedProjects) = preSolution
		{708205EF-6777-4AB6-B8EE-C5A8B679E062} = {BFD6D75D-8DF6-4F2A-946B-EAF38E092BD8}
	EndGlobalSection
	GlobalSection(ExtensibilityGlobals) = postSolution
		SolutionGuid = {1DAE9915-DE86-4125-9D04-AC6712A536A8}
	EndGlobalSection
EndGlobal
